
Microsoft Visual Studio Solution File, Format Version 12.00
# Visual Studio Version 17
VisualStudioVersion = 17.14.36401.2 d17.14
MinimumVisualStudioVersion = 10.0.40219.1
Project("{FAE04EC0-301F-11D3-BF4B-00C04F79EFBC}") = "ConsoleApp1", "ConsoleApp1\ConsoleApp1.csproj", "{D3088FFA-D493-4F8C-BBEB-8296DB1CB5AE}"
EndProject
Global
	GlobalSection(SolutionConfigurationPlatforms) = preSolution
		Debug|Any CPU = Debug|Any CPU
		Release|Any CPU = Release|Any CPU
	EndGlobalSection
	GlobalSection(ProjectConfigurationPlatforms) = postSolution
		{D3088FFA-D493-4F8C-BBEB-8296DB1CB5AE}.Debug|Any CPU.ActiveCfg = Debug|Any CPU
		{D3088FFA-D493-4F8C-BBEB-8296DB1CB5AE}.Debug|Any CPU.Build.0 = Debug|Any CPU
		{D3088FFA-D493-4F8C-BBEB-8296DB1CB5AE}.Release|Any CPU.ActiveCfg = Release|Any CPU
		{D3088FFA-D493-4F8C-BBEB-8296DB1CB5AE}.Release|Any CPU.Build.0 = Release|Any CPU
	EndGlobalSection
	GlobalSection(SolutionProperties) = preSolution
		HideSolutionNode = FALSE
	EndGlobalSection
	GlobalSection(ExtensibilityGlobals) = postSolution
		SolutionGuid = {292EFD3E-526D-420E-A488-F936313B1359}
	EndGlobalSection
EndGlobal
